
Microsoft Visual Studio Solution File, Format Version 12.00
# Visual Studio 15
VisualStudioVersion = 15.0.27428.2037
MinimumVisualStudioVersion = 10.0.40219.1
Project("{FAE04EC0-301F-11D3-BF4B-00C04F79EFBC}") = "BulkUninstall", "BulkUninstall\BulkUninstall.csproj", "{7DE8D28D-7B98-49E3-BD77-838E414A95E9}"
EndProject
Project("{FAE04EC0-301F-11D3-BF4B-00C04F79EFBC}") = "BulkUninstall.Core", "BulkUninstall.Core\BulkUninstall.Core.csproj", "{6E31E858-5ED0-471E-9630-334E6136A296}"
EndProject
Project("{FAE04EC0-301F-11D3-BF4B-00C04F79EFBC}") = "BulkUninstallTests", "BulkUninstallTests\BulkUninstallTests.csproj", "{8EDF4429-251A-416D-BB68-93F227191BCF}"
EndProject
Global
	GlobalSection(SolutionConfigurationPlatforms) = preSolution
		Debug|Any CPU = Debug|Any CPU
		Release|Any CPU = Release|Any CPU
	EndGlobalSection
	GlobalSection(ProjectConfigurationPlatforms) = postSolution
		{7DE8D28D-7B98-49E3-BD77-838E414A95E9}.Debug|Any CPU.ActiveCfg = Debug|Any CPU
		{7DE8D28D-7B98-49E3-BD77-838E414A95E9}.Debug|Any CPU.Build.0 = Debug|Any CPU
		{7DE8D28D-7B98-49E3-BD77-838E414A95E9}.Release|Any CPU.ActiveCfg = Release|Any CPU
		{7DE8D28D-7B98-49E3-BD77-838E414A95E9}.Release|Any CPU.Build.0 = Release|Any CPU
		{6E31E858-5ED0-471E-9630-334E6136A296}.Debug|Any CPU.ActiveCfg = Debug|Any CPU
		{6E31E858-5ED0-471E-9630-334E6136A296}.Debug|Any CPU.Build.0 = Debug|Any CPU
		{6E31E858-5ED0-471E-9630-334E6136A296}.Release|Any CPU.ActiveCfg = Release|Any CPU
		{6E31E858-5ED0-471E-9630-334E6136A296}.Release|Any CPU.Build.0 = Release|Any CPU
		{8EDF4429-251A-416D-BB68-93F227191BCF}.Debug|Any CPU.ActiveCfg = Debug|Any CPU
		{8EDF4429-251A-416D-BB68-93F227191BCF}.Debug|Any CPU.Build.0 = Debug|Any CPU
		{8EDF4429-251A-416D-BB68-93F227191BCF}.Release|Any CPU.ActiveCfg = Release|Any CPU
		{8EDF4429-251A-416D-BB68-93F227191BCF}.Release|Any CPU.Build.0 = Release|Any CPU
	EndGlobalSection
	GlobalSection(SolutionProperties) = preSolution
		HideSolutionNode = FALSE
	EndGlobalSection
	GlobalSection(ExtensibilityGlobals) = postSolution
		SolutionGuid = {B20B73B5-AF1A-44B5-8B03-99A65C61719B}
	EndGlobalSection
EndGlobal
